
Microsoft Visual Studio Solution File, Format Version 12.00
# Visual Studio Version 16
VisualStudioVersion = 16.0.30320.27
MinimumVisualStudioVersion = 10.0.40219.1
Project("{9A19103F-16F7-4668-BE54-9A1E7A4F7556}") = "CraftopiaCore", "CraftopiaCore\CraftopiaCore.csproj", "{1508B969-527C-4505-8B77-A0112EF0656F}"
EndProject
Project("{FAE04EC0-301F-11D3-BF4B-00C04F79EFBC}") = "MonoGame.Core", "MonoGame.Core\MonoGame.Core.csproj", "{1E84C11D-A683-4B83-A4E9-0FBD095DE8B7}"
EndProject
Global
	GlobalSection(SolutionConfigurationPlatforms) = preSolution
		Debug|Any CPU = Debug|Any CPU
		Debug|x86 = Debug|x86
		Release|Any CPU = Release|Any CPU
		Release|x86 = Release|x86
	EndGlobalSection
	GlobalSection(ProjectConfigurationPlatforms) = postSolution
		{1508B969-527C-4505-8B77-A0112EF0656F}.Debug|Any CPU.ActiveCfg = Debug|Any CPU
		{1508B969-527C-4505-8B77-A0112EF0656F}.Debug|Any CPU.Build.0 = Debug|Any CPU
		{1508B969-527C-4505-8B77-A0112EF0656F}.Debug|x86.ActiveCfg = Debug|Any CPU
		{1508B969-527C-4505-8B77-A0112EF0656F}.Debug|x86.Build.0 = Debug|Any CPU
		{1508B969-527C-4505-8B77-A0112EF0656F}.Release|Any CPU.ActiveCfg = Release|Any CPU
		{1508B969-527C-4505-8B77-A0112EF0656F}.Release|Any CPU.Build.0 = Release|Any CPU
		{1508B969-527C-4505-8B77-A0112EF0656F}.Release|x86.ActiveCfg = Release|Any CPU
		{1508B969-527C-4505-8B77-A0112EF0656F}.Release|x86.Build.0 = Release|Any CPU
		{1E84C11D-A683-4B83-A4E9-0FBD095DE8B7}.Debug|Any CPU.ActiveCfg = Debug|Any CPU
		{1E84C11D-A683-4B83-A4E9-0FBD095DE8B7}.Debug|Any CPU.Build.0 = Debug|Any CPU
		{1E84C11D-A683-4B83-A4E9-0FBD095DE8B7}.Debug|x86.ActiveCfg = Debug|Any CPU
		{1E84C11D-A683-4B83-A4E9-0FBD095DE8B7}.Debug|x86.Build.0 = Debug|Any CPU
		{1E84C11D-A683-4B83-A4E9-0FBD095DE8B7}.Release|Any CPU.ActiveCfg = Release|Any CPU
		{1E84C11D-A683-4B83-A4E9-0FBD095DE8B7}.Release|Any CPU.Build.0 = Release|Any CPU
		{1E84C11D-A683-4B83-A4E9-0FBD095DE8B7}.Release|x86.ActiveCfg = Release|Any CPU
		{1E84C11D-A683-4B83-A4E9-0FBD095DE8B7}.Release|x86.Build.0 = Release|Any CPU
	EndGlobalSection
	GlobalSection(SolutionProperties) = preSolution
		HideSolutionNode = FALSE
	EndGlobalSection
	GlobalSection(ExtensibilityGlobals) = postSolution
		SolutionGuid = {2CC71681-7830-474E-9D98-C0EDE4169E6B}
	EndGlobalSection
EndGlobal
